
Microsoft Visual Studio Solution File, Format Version 12.00
# Visual Studio 15
VisualStudioVersion = 15.0.28010.2036
MinimumVisualStudioVersion = 10.0.40219.1
Project("{FAE04EC0-301F-11D3-BF4B-00C04F79EFBC}") = "ESVS", "ESVS\ESVS.csproj", "{0F864D65-185B-4E7F-8FF3-68C5322238F8}"
EndProject
Global
	GlobalSection(SolutionConfigurationPlatforms) = preSolution
		Debug|Any CPU = Debug|Any CPU
		Release|Any CPU = Release|Any CPU
	EndGlobalSection
	GlobalSection(ProjectConfigurationPlatforms) = postSolution
		{0F864D65-185B-4E7F-8FF3-68C5322238F8}.Debug|Any CPU.ActiveCfg = Debug|Any CPU
		{0F864D65-185B-4E7F-8FF3-68C5322238F8}.Debug|Any CPU.Build.0 = Debug|Any CPU
		{0F864D65-185B-4E7F-8FF3-68C5322238F8}.Release|Any CPU.ActiveCfg = Release|Any CPU
		{0F864D65-185B-4E7F-8FF3-68C5322238F8}.Release|Any CPU.Build.0 = Release|Any CPU
	EndGlobalSection
	GlobalSection(SolutionProperties) = preSolution
		HideSolutionNode = FALSE
	EndGlobalSection
	GlobalSection(ExtensibilityGlobals) = postSolution
		SolutionGuid = {721E296B-0960-430F-9FA2-54E1B0B08CD8}
	EndGlobalSection
EndGlobal
