
Microsoft Visual Studio Solution File, Format Version 12.00
# Visual Studio 15
VisualStudioVersion = 15.0.28010.2036
MinimumVisualStudioVersion = 10.0.40219.1
Project("{9A19103F-16F7-4668-BE54-9A1E7A4F7556}") = "ESVS", "ESVS\ESVS.csproj", "{0F864D65-185B-4E7F-8FF3-68C5322238F8}"
EndProject
Project("{9A19103F-16F7-4668-BE54-9A1E7A4F7556}") = "DB", "DB\DB.csproj", "{868A1F8A-E3A4-4E54-B2C4-F94A7254B588}"
EndProject
Project("{9A19103F-16F7-4668-BE54-9A1E7A4F7556}") = "Entities", "Entities\Entities.csproj", "{673DDAE9-875C-4200-B4F1-B9D103A16ED0}"
EndProject
Project("{9A19103F-16F7-4668-BE54-9A1E7A4F7556}") = "DataAccess", "DataAccess\DataAccess.csproj", "{6EE71053-B76E-4909-9F27-9D4A7CCD8649}"
EndProject
Project("{9A19103F-16F7-4668-BE54-9A1E7A4F7556}") = "ViewModel", "ViewModel\ViewModel.csproj", "{F457678A-A718-4C99-8C61-884F051DA317}"
EndProject
Project("{9A19103F-16F7-4668-BE54-9A1E7A4F7556}") = "DataAccess.DbImplementation", "DataAccess.DbImplementation\DataAccess.DbImplementation.csproj", "{6486C2AB-5BE3-4161-AAB3-B0535FCB9ED0}"
EndProject
Project("{9A19103F-16F7-4668-BE54-9A1E7A4F7556}") = "ESVSMainUnitTests", "XUnitTests\ESVSMainUnitTests.csproj", "{0B77D1B9-7174-43AF-AC9A-6FD9D7C5197E}"
EndProject
Project("{9A19103F-16F7-4668-BE54-9A1E7A4F7556}") = "AppForMigrationDataFromKmiacDB", "AppForMigrationDataFromKmiacDB\AppForMigrationDataFromKmiacDB.csproj", "{7C567141-1A79-48D3-85ED-6321C35F0158}"
EndProject
Project("{9A19103F-16F7-4668-BE54-9A1E7A4F7556}") = "DataAccess.DbImplementationUnitTests", "DataAccess.DbImplementationUnitTests\DataAccess.DbImplementationUnitTests.csproj", "{B2CE7063-55D0-4EEA-904E-9ED3BE0CBB28}"
EndProject
Project("{FAE04EC0-301F-11D3-BF4B-00C04F79EFBC}") = "KmiacParser", "KmiacParser\KmiacParser.csproj", "{2AF06B67-C8CA-4FC3-AE2A-736243F9FB4F}"
EndProject
Global
	GlobalSection(SolutionConfigurationPlatforms) = preSolution
		Debug|Any CPU = Debug|Any CPU
		Release|Any CPU = Release|Any CPU
	EndGlobalSection
	GlobalSection(ProjectConfigurationPlatforms) = postSolution
		{0F864D65-185B-4E7F-8FF3-68C5322238F8}.Debug|Any CPU.ActiveCfg = Debug|Any CPU
		{0F864D65-185B-4E7F-8FF3-68C5322238F8}.Debug|Any CPU.Build.0 = Debug|Any CPU
		{0F864D65-185B-4E7F-8FF3-68C5322238F8}.Release|Any CPU.ActiveCfg = Release|Any CPU
		{0F864D65-185B-4E7F-8FF3-68C5322238F8}.Release|Any CPU.Build.0 = Release|Any CPU
		{868A1F8A-E3A4-4E54-B2C4-F94A7254B588}.Debug|Any CPU.ActiveCfg = Debug|Any CPU
		{868A1F8A-E3A4-4E54-B2C4-F94A7254B588}.Debug|Any CPU.Build.0 = Debug|Any CPU
		{868A1F8A-E3A4-4E54-B2C4-F94A7254B588}.Release|Any CPU.ActiveCfg = Release|Any CPU
		{868A1F8A-E3A4-4E54-B2C4-F94A7254B588}.Release|Any CPU.Build.0 = Release|Any CPU
		{673DDAE9-875C-4200-B4F1-B9D103A16ED0}.Debug|Any CPU.ActiveCfg = Debug|Any CPU
		{673DDAE9-875C-4200-B4F1-B9D103A16ED0}.Debug|Any CPU.Build.0 = Debug|Any CPU
		{673DDAE9-875C-4200-B4F1-B9D103A16ED0}.Release|Any CPU.ActiveCfg = Release|Any CPU
		{673DDAE9-875C-4200-B4F1-B9D103A16ED0}.Release|Any CPU.Build.0 = Release|Any CPU
		{6EE71053-B76E-4909-9F27-9D4A7CCD8649}.Debug|Any CPU.ActiveCfg = Debug|Any CPU
		{6EE71053-B76E-4909-9F27-9D4A7CCD8649}.Debug|Any CPU.Build.0 = Debug|Any CPU
		{6EE71053-B76E-4909-9F27-9D4A7CCD8649}.Release|Any CPU.ActiveCfg = Release|Any CPU
		{6EE71053-B76E-4909-9F27-9D4A7CCD8649}.Release|Any CPU.Build.0 = Release|Any CPU
		{F457678A-A718-4C99-8C61-884F051DA317}.Debug|Any CPU.ActiveCfg = Debug|Any CPU
		{F457678A-A718-4C99-8C61-884F051DA317}.Debug|Any CPU.Build.0 = Debug|Any CPU
		{F457678A-A718-4C99-8C61-884F051DA317}.Release|Any CPU.ActiveCfg = Release|Any CPU
		{F457678A-A718-4C99-8C61-884F051DA317}.Release|Any CPU.Build.0 = Release|Any CPU
		{6486C2AB-5BE3-4161-AAB3-B0535FCB9ED0}.Debug|Any CPU.ActiveCfg = Debug|Any CPU
		{6486C2AB-5BE3-4161-AAB3-B0535FCB9ED0}.Debug|Any CPU.Build.0 = Debug|Any CPU
		{6486C2AB-5BE3-4161-AAB3-B0535FCB9ED0}.Release|Any CPU.ActiveCfg = Release|Any CPU
		{6486C2AB-5BE3-4161-AAB3-B0535FCB9ED0}.Release|Any CPU.Build.0 = Release|Any CPU
		{0B77D1B9-7174-43AF-AC9A-6FD9D7C5197E}.Debug|Any CPU.ActiveCfg = Debug|Any CPU
		{0B77D1B9-7174-43AF-AC9A-6FD9D7C5197E}.Debug|Any CPU.Build.0 = Debug|Any CPU
		{0B77D1B9-7174-43AF-AC9A-6FD9D7C5197E}.Release|Any CPU.ActiveCfg = Release|Any CPU
		{0B77D1B9-7174-43AF-AC9A-6FD9D7C5197E}.Release|Any CPU.Build.0 = Release|Any CPU
		{7C567141-1A79-48D3-85ED-6321C35F0158}.Debug|Any CPU.ActiveCfg = Debug|Any CPU
		{7C567141-1A79-48D3-85ED-6321C35F0158}.Debug|Any CPU.Build.0 = Debug|Any CPU
		{7C567141-1A79-48D3-85ED-6321C35F0158}.Release|Any CPU.ActiveCfg = Release|Any CPU
		{7C567141-1A79-48D3-85ED-6321C35F0158}.Release|Any CPU.Build.0 = Release|Any CPU
		{B2CE7063-55D0-4EEA-904E-9ED3BE0CBB28}.Debug|Any CPU.ActiveCfg = Debug|Any CPU
		{B2CE7063-55D0-4EEA-904E-9ED3BE0CBB28}.Debug|Any CPU.Build.0 = Debug|Any CPU
		{B2CE7063-55D0-4EEA-904E-9ED3BE0CBB28}.Release|Any CPU.ActiveCfg = Release|Any CPU
		{B2CE7063-55D0-4EEA-904E-9ED3BE0CBB28}.Release|Any CPU.Build.0 = Release|Any CPU
		{2AF06B67-C8CA-4FC3-AE2A-736243F9FB4F}.Debug|Any CPU.ActiveCfg = Debug|Any CPU
		{2AF06B67-C8CA-4FC3-AE2A-736243F9FB4F}.Debug|Any CPU.Build.0 = Debug|Any CPU
		{2AF06B67-C8CA-4FC3-AE2A-736243F9FB4F}.Release|Any CPU.ActiveCfg = Release|Any CPU
		{2AF06B67-C8CA-4FC3-AE2A-736243F9FB4F}.Release|Any CPU.Build.0 = Release|Any CPU
	EndGlobalSection
	GlobalSection(SolutionProperties) = preSolution
		HideSolutionNode = FALSE
	EndGlobalSection
	GlobalSection(ExtensibilityGlobals) = postSolution
		SolutionGuid = {721E296B-0960-430F-9FA2-54E1B0B08CD8}
	EndGlobalSection
EndGlobal
